// !$*UTF8*$!
{
	archiveVersion = 1;
	classes = {
	};
	objectVersion = 46;
	objects = {

/* Begin PBXBuildFile section */
		68CB08461D6B047600B6A3B2 /* AppDelegate.swift in Sources */ = {isa = PBXBuildFile; fileRef = 68CB08451D6B047600B6A3B2 /* AppDelegate.swift */; };
		68CB08481D6B047600B6A3B2 /* ViewController.swift in Sources */ = {isa = PBXBuildFile; fileRef = 68CB08471D6B047600B6A3B2 /* ViewController.swift */; };
		68CB084B1D6B047600B6A3B2 /* Main.storyboard in Resources */ = {isa = PBXBuildFile; fileRef = 68CB08491D6B047600B6A3B2 /* Main.storyboard */; };
		68CB084D1D6B047600B6A3B2 /* Assets.xcassets in Resources */ = {isa = PBXBuildFile; fileRef = 68CB084C1D6B047600B6A3B2 /* Assets.xcassets */; };
		68CB08501D6B047600B6A3B2 /* LaunchScreen.storyboard in Resources */ = {isa = PBXBuildFile; fileRef = 68CB084E1D6B047600B6A3B2 /* LaunchScreen.storyboard */; };
		68CB085B1D6B047600B6A3B2 /* StandMapTests.swift in Sources */ = {isa = PBXBuildFile; fileRef = 68CB085A1D6B047600B6A3B2 /* StandMapTests.swift */; };
		68CB08661D6B047600B6A3B2 /* StandMapUITests.swift in Sources */ = {isa = PBXBuildFile; fileRef = 68CB08651D6B047600B6A3B2 /* StandMapUITests.swift */; };
/* End PBXBuildFile section */

/* Begin PBXContainerItemProxy section */
		68CB08571D6B047600B6A3B2 /* PBXContainerItemProxy */ = {
			isa = PBXContainerItemProxy;
			containerPortal = 68CB083A1D6B047600B6A3B2 /* Project object */;
			proxyType = 1;
			remoteGlobalIDString = 68CB08411D6B047600B6A3B2;
			remoteInfo = StandMap;
		};
		68CB08621D6B047600B6A3B2 /* PBXContainerItemProxy */ = {
			isa = PBXContainerItemProxy;
			containerPortal = 68CB083A1D6B047600B6A3B2 /* Project object */;
			proxyType = 1;
			remoteGlobalIDString = 68CB08411D6B047600B6A3B2;
			remoteInfo = StandMap;
		};
/* End PBXContainerItemProxy section */

/* Begin PBXFileReference section */
		68CB08421D6B047600B6A3B2 /* StandMap.app */ = {isa = PBXFileReference; explicitFileType = wrapper.application; includeInIndex = 0; path = StandMap.app; sourceTree = BUILT_PRODUCTS_DIR; };
		68CB08451D6B047600B6A3B2 /* AppDelegate.swift */ = {isa = PBXFileReference; lastKnownFileType = sourcecode.swift; path = AppDelegate.swift; sourceTree = "<group>"; };
		68CB08471D6B047600B6A3B2 /* ViewController.swift */ = {isa = PBXFileReference; lastKnownFileType = sourcecode.swift; path = ViewController.swift; sourceTree = "<group>"; };
		68CB084A1D6B047600B6A3B2 /* Base */ = {isa = PBXFileReference; lastKnownFileType = file.storyboard; name = Base; path = Base.lproj/Main.storyboard; sourceTree = "<group>"; };
		68CB084C1D6B047600B6A3B2 /* Assets.xcassets */ = {isa = PBXFileReference; lastKnownFileType = folder.assetcatalog; path = Assets.xcassets; sourceTree = "<group>"; };
		68CB084F1D6B047600B6A3B2 /* Base */ = {isa = PBXFileReference; lastKnownFileType = file.storyboard; name = Base; path = Base.lproj/LaunchScreen.storyboard; sourceTree = "<group>"; };
		68CB08511D6B047600B6A3B2 /* Info.plist */ = {isa = PBXFileReference; lastKnownFileType = text.plist.xml; path = Info.plist; sourceTree = "<group>"; };
		68CB08561D6B047600B6A3B2 /* StandMapTests.xctest */ = {isa = PBXFileReference; explicitFileType = wrapper.cfbundle; includeInIndex = 0; path = StandMapTests.xctest; sourceTree = BUILT_PRODUCTS_DIR; };
		68CB085A1D6B047600B6A3B2 /* StandMapTests.swift */ = {isa = PBXFileReference; lastKnownFileType = sourcecode.swift; path = StandMapTests.swift; sourceTree = "<group>"; };
		68CB085C1D6B047600B6A3B2 /* Info.plist */ = {isa = PBXFileReference; lastKnownFileType = text.plist.xml; path = Info.plist; sourceTree = "<group>"; };
		68CB08611D6B047600B6A3B2 /* StandMapUITests.xctest */ = {isa = PBXFileReference; explicitFileType = wrapper.cfbundle; includeInIndex = 0; path = StandMapUITests.xctest; sourceTree = BUILT_PRODUCTS_DIR; };
		68CB08651D6B047600B6A3B2 /* StandMapUITests.swift */ = {isa = PBXFileReference; lastKnownFileType = sourcecode.swift; path = StandMapUITests.swift; sourceTree = "<group>"; };
		68CB08671D6B047600B6A3B2 /* Info.plist */ = {isa = PBXFileReference; lastKnownFileType = text.plist.xml; path = Info.plist; sourceTree = "<group>"; };
/* End PBXFileReference section */

/* Begin PBXFrameworksBuildPhase section */
		68CB083F1D6B047600B6A3B2 /* Frameworks */ = {
			isa = PBXFrameworksBuildPhase;
			buildActionMask = 2147483647;
			files = (
			);
			runOnlyForDeploymentPostprocessing = 0;
		};
		68CB08531D6B047600B6A3B2 /* Frameworks */ = {
			isa = PBXFrameworksBuildPhase;
			buildActionMask = 2147483647;
			files = (
			);
			runOnlyForDeploymentPostprocessing = 0;
		};
		68CB085E1D6B047600B6A3B2 /* Frameworks */ = {
			isa = PBXFrameworksBuildPhase;
			buildActionMask = 2147483647;
			files = (
			);
			runOnlyForDeploymentPostprocessing = 0;
		};
/* End PBXFrameworksBuildPhase section */

/* Begin PBXGroup section */
		68CB08391D6B047600B6A3B2 = {
			isa = PBXGroup;
			children = (
				68CB08441D6B047600B6A3B2 /* StandMap */,
				68CB08591D6B047600B6A3B2 /* StandMapTests */,
				68CB08641D6B047600B6A3B2 /* StandMapUITests */,
				68CB08431D6B047600B6A3B2 /* Products */,
			);
			sourceTree = "<group>";
		};
		68CB08431D6B047600B6A3B2 /* Products */ = {
			isa = PBXGroup;
			children = (
				68CB08421D6B047600B6A3B2 /* StandMap.app */,
				68CB08561D6B047600B6A3B2 /* StandMapTests.xctest */,
				68CB08611D6B047600B6A3B2 /* StandMapUITests.xctest */,
			);
			name = Products;
			sourceTree = "<group>";
		};
		68CB08441D6B047600B6A3B2 /* StandMap */ = {
			isa = PBXGroup;
			children = (
				68CB08451D6B047600B6A3B2 /* AppDelegate.swift */,
				68CB08471D6B047600B6A3B2 /* ViewController.swift */,
				68CB08491D6B047600B6A3B2 /* Main.storyboard */,
				68CB084C1D6B047600B6A3B2 /* Assets.xcassets */,
				68CB084E1D6B047600B6A3B2 /* LaunchScreen.storyboard */,
				68CB08511D6B047600B6A3B2 /* Info.plist */,
			);
			path = StandMap;
			sourceTree = "<group>";
		};
		68CB08591D6B047600B6A3B2 /* StandMapTests */ = {
			isa = PBXGroup;
			children = (
				68CB085A1D6B047600B6A3B2 /* StandMapTests.swift */,
				68CB085C1D6B047600B6A3B2 /* Info.plist */,
			);
			path = StandMapTests;
			sourceTree = "<group>";
		};
		68CB08641D6B047600B6A3B2 /* StandMapUITests */ = {
			isa = PBXGroup;
			children = (
				68CB08651D6B047600B6A3B2 /* StandMapUITests.swift */,
				68CB08671D6B047600B6A3B2 /* Info.plist */,
			);
			path = StandMapUITests;
			sourceTree = "<group>";
		};
/* End PBXGroup section */

/* Begin PBXNativeTarget section */
		68CB08411D6B047600B6A3B2 /* StandMap */ = {
			isa = PBXNativeTarget;
			buildConfigurationList = 68CB086A1D6B047600B6A3B2 /* Build configuration list for PBXNativeTarget "StandMap" */;
			buildPhases = (
				68CB083E1D6B047600B6A3B2 /* Sources */,
				68CB083F1D6B047600B6A3B2 /* Frameworks */,
				68CB08401D6B047600B6A3B2 /* Resources */,
			);
			buildRules = (
			);
			dependencies = (
			);
			name = StandMap;
			productName = StandMap;
			productReference = 68CB08421D6B047600B6A3B2 /* StandMap.app */;
			productType = "com.apple.product-type.application";
		};
		68CB08551D6B047600B6A3B2 /* StandMapTests */ = {
			isa = PBXNativeTarget;
			buildConfigurationList = 68CB086D1D6B047600B6A3B2 /* Build configuration list for PBXNativeTarget "StandMapTests" */;
			buildPhases = (
				68CB08521D6B047600B6A3B2 /* Sources */,
				68CB08531D6B047600B6A3B2 /* Frameworks */,
				68CB08541D6B047600B6A3B2 /* Resources */,
			);
			buildRules = (
			);
			dependencies = (
				68CB08581D6B047600B6A3B2 /* PBXTargetDependency */,
			);
			name = StandMapTests;
			productName = StandMapTests;
			productReference = 68CB08561D6B047600B6A3B2 /* StandMapTests.xctest */;
			productType = "com.apple.product-type.bundle.unit-test";
		};
		68CB08601D6B047600B6A3B2 /* StandMapUITests */ = {
			isa = PBXNativeTarget;
			buildConfigurationList = 68CB08701D6B047600B6A3B2 /* Build configuration list for PBXNativeTarget "StandMapUITests" */;
			buildPhases = (
				68CB085D1D6B047600B6A3B2 /* Sources */,
				68CB085E1D6B047600B6A3B2 /* Frameworks */,
				68CB085F1D6B047600B6A3B2 /* Resources */,
			);
			buildRules = (
			);
			dependencies = (
				68CB08631D6B047600B6A3B2 /* PBXTargetDependency */,
			);
			name = StandMapUITests;
			productName = StandMapUITests;
			productReference = 68CB08611D6B047600B6A3B2 /* StandMapUITests.xctest */;
			productType = "com.apple.product-type.bundle.ui-testing";
		};
/* End PBXNativeTarget section */

/* Begin PBXProject section */
		68CB083A1D6B047600B6A3B2 /* Project object */ = {
			isa = PBXProject;
			attributes = {
				LastSwiftUpdateCheck = 0730;
				LastUpgradeCheck = 0730;
				ORGANIZATIONNAME = "Wayne Rumble";
				TargetAttributes = {
					68CB08411D6B047600B6A3B2 = {
						CreatedOnToolsVersion = 7.3.1;
						DevelopmentTeam = L3QZJU3LP7;
					};
					68CB08551D6B047600B6A3B2 = {
						CreatedOnToolsVersion = 7.3.1;
						DevelopmentTeam = L3QZJU3LP7;
						TestTargetID = 68CB08411D6B047600B6A3B2;
					};
					68CB08601D6B047600B6A3B2 = {
						CreatedOnToolsVersion = 7.3.1;
						DevelopmentTeam = L3QZJU3LP7;
						TestTargetID = 68CB08411D6B047600B6A3B2;
					};
				};
			};
			buildConfigurationList = 68CB083D1D6B047600B6A3B2 /* Build configuration list for PBXProject "StandMap" */;
			compatibilityVersion = "Xcode 3.2";
			developmentRegion = English;
			hasScannedForEncodings = 0;
			knownRegions = (
				en,
				Base,
			);
			mainGroup = 68CB08391D6B047600B6A3B2;
			productRefGroup = 68CB08431D6B047600B6A3B2 /* Products */;
			projectDirPath = "";
			projectRoot = "";
			targets = (
				68CB08411D6B047600B6A3B2 /* StandMap */,
				68CB08551D6B047600B6A3B2 /* StandMapTests */,
				68CB08601D6B047600B6A3B2 /* StandMapUITests */,
			);
		};
/* End PBXProject section */

/* Begin PBXResourcesBuildPhase section */
		68CB08401D6B047600B6A3B2 /* Resources */ = {
			isa = PBXResourcesBuildPhase;
			buildActionMask = 2147483647;
			files = (
				68CB08501D6B047600B6A3B2 /* LaunchScreen.storyboard in Resources */,
				68CB084D1D6B047600B6A3B2 /* Assets.xcassets in Resources */,
				68CB084B1D6B047600B6A3B2 /* Main.storyboard in Resources */,
			);
			runOnlyForDeploymentPostprocessing = 0;
		};
		68CB08541D6B047600B6A3B2 /* Resources */ = {
			isa = PBXResourcesBuildPhase;
			buildActionMask = 2147483647;
			files = (
			);
			runOnlyForDeploymentPostprocessing = 0;
		};
		68CB085F1D6B047600B6A3B2 /* Resources */ = {
			isa = PBXResourcesBuildPhase;
			buildActionMask = 2147483647;
			files = (
			);
			runOnlyForDeploymentPostprocessing = 0;
		};
/* End PBXResourcesBuildPhase section */

/* Begin PBXSourcesBuildPhase section */
		68CB083E1D6B047600B6A3B2 /* Sources */ = {
			isa = PBXSourcesBuildPhase;
			buildActionMask = 2147483647;
			files = (
				68CB08481D6B047600B6A3B2 /* ViewController.swift in Sources */,
				68CB08461D6B047600B6A3B2 /* AppDelegate.swift in Sources */,
			);
			runOnlyForDeploymentPostprocessing = 0;
		};
		68CB08521D6B047600B6A3B2 /* Sources */ = {
			isa = PBXSourcesBuildPhase;
			buildActionMask = 2147483647;
			files = (
				68CB085B1D6B047600B6A3B2 /* StandMapTests.swift in Sources */,
			);
			runOnlyForDeploymentPostprocessing = 0;
		};
		68CB085D1D6B047600B6A3B2 /* Sources */ = {
			isa = PBXSourcesBuildPhase;
			buildActionMask = 2147483647;
			files = (
				68CB08661D6B047600B6A3B2 /* StandMapUITests.swift in Sources */,
			);
			runOnlyForDeploymentPostprocessing = 0;
		};
/* End PBXSourcesBuildPhase section */

/* Begin PBXTargetDependency section */
		68CB08581D6B047600B6A3B2 /* PBXTargetDependency */ = {
			isa = PBXTargetDependency;
			target = 68CB08411D6B047600B6A3B2 /* StandMap */;
			targetProxy = 68CB08571D6B047600B6A3B2 /* PBXContainerItemProxy */;
		};
		68CB08631D6B047600B6A3B2 /* PBXTargetDependency */ = {
			isa = PBXTargetDependency;
			target = 68CB08411D6B047600B6A3B2 /* StandMap */;
			targetProxy = 68CB08621D6B047600B6A3B2 /* PBXContainerItemProxy */;
		};
/* End PBXTargetDependency section */

/* Begin PBXVariantGroup section */
		68CB08491D6B047600B6A3B2 /* Main.storyboard */ = {
			isa = PBXVariantGroup;
			children = (
				68CB084A1D6B047600B6A3B2 /* Base */,
			);
			name = Main.storyboard;
			sourceTree = "<group>";
		};
		68CB084E1D6B047600B6A3B2 /* LaunchScreen.storyboard */ = {
			isa = PBXVariantGroup;
			children = (
				68CB084F1D6B047600B6A3B2 /* Base */,
			);
			name = LaunchScreen.storyboard;
			sourceTree = "<group>";
		};
/* End PBXVariantGroup section */

/* Begin XCBuildConfiguration section */
		68CB08681D6B047600B6A3B2 /* Debug */ = {
			isa = XCBuildConfiguration;
			buildSettings = {
				ALWAYS_SEARCH_USER_PATHS = NO;
				CLANG_ANALYZER_NONNULL = YES;
				CLANG_CXX_LANGUAGE_STANDARD = "gnu++0x";
				CLANG_CXX_LIBRARY = "libc++";
				CLANG_ENABLE_MODULES = YES;
				CLANG_ENABLE_OBJC_ARC = YES;
				CLANG_WARN_BOOL_CONVERSION = YES;
				CLANG_WARN_CONSTANT_CONVERSION = YES;
				CLANG_WARN_DIRECT_OBJC_ISA_USAGE = YES_ERROR;
				CLANG_WARN_EMPTY_BODY = YES;
				CLANG_WARN_ENUM_CONVERSION = YES;
				CLANG_WARN_INT_CONVERSION = YES;
				CLANG_WARN_OBJC_ROOT_CLASS = YES_ERROR;
				CLANG_WARN_UNREACHABLE_CODE = YES;
				CLANG_WARN__DUPLICATE_METHOD_MATCH = YES;
				"CODE_SIGN_IDENTITY[sdk=iphoneos*]" = "iPhone Developer";
				COPY_PHASE_STRIP = NO;
				DEBUG_INFORMATION_FORMAT = dwarf;
				ENABLE_STRICT_OBJC_MSGSEND = YES;
				ENABLE_TESTABILITY = YES;
				GCC_C_LANGUAGE_STANDARD = gnu99;
				GCC_DYNAMIC_NO_PIC = NO;
				GCC_NO_COMMON_BLOCKS = YES;
				GCC_OPTIMIZATION_LEVEL = 0;
				GCC_PREPROCESSOR_DEFINITIONS = (
					"DEBUG=1",
					"$(inherited)",
				);
				GCC_WARN_64_TO_32_BIT_CONVERSION = YES;
				GCC_WARN_ABOUT_RETURN_TYPE = YES_ERROR;
				GCC_WARN_UNDECLARED_SELECTOR = YES;
				GCC_WARN_UNINITIALIZED_AUTOS = YES_AGGRESSIVE;
				GCC_WARN_UNUSED_FUNCTION = YES;
				GCC_WARN_UNUSED_VARIABLE = YES;
				IPHONEOS_DEPLOYMENT_TARGET = 9.3;
				MTL_ENABLE_DEBUG_INFO = YES;
				ONLY_ACTIVE_ARCH = YES;
				SDKROOT = iphoneos;
				SWIFT_OPTIMIZATION_LEVEL = "-Onone";
				TARGETED_DEVICE_FAMILY = "1,2";
			};
			name = Debug;
		};
		68CB08691D6B047600B6A3B2 /* Release */ = {
			isa = XCBuildConfiguration;
			buildSettings = {
				ALWAYS_SEARCH_USER_PATHS = NO;
				CLANG_ANALYZER_NONNULL = YES;
				CLANG_CXX_LANGUAGE_STANDARD = "gnu++0x";
				CLANG_CXX_LIBRARY = "libc++";
				CLANG_ENABLE_MODULES = YES;
				CLANG_ENABLE_OBJC_ARC = YES;
				CLANG_WARN_BOOL_CONVERSION = YES;
				CLANG_WARN_CONSTANT_CONVERSION = YES;
				CLANG_WARN_DIRECT_OBJC_ISA_USAGE = YES_ERROR;
				CLANG_WARN_EMPTY_BODY = YES;
				CLANG_WARN_ENUM_CONVERSION = YES;
				CLANG_WARN_INT_CONVERSION = YES;
				CLANG_WARN_OBJC_ROOT_CLASS = YES_ERROR;
				CLANG_WARN_UNREACHABLE_CODE = YES;
				CLANG_WARN__DUPLICATE_METHOD_MATCH = YES;
				"CODE_SIGN_IDENTITY[sdk=iphoneos*]" = "iPhone Developer";
				COPY_PHASE_STRIP = NO;
				DEBUG_INFORMATION_FORMAT = "dwarf-with-dsym";
				ENABLE_NS_ASSERTIONS = NO;
				ENABLE_STRICT_OBJC_MSGSEND = YES;
				GCC_C_LANGUAGE_STANDARD = gnu99;
				GCC_NO_COMMON_BLOCKS = YES;
				GCC_WARN_64_TO_32_BIT_CONVERSION = YES;
				GCC_WARN_ABOUT_RETURN_TYPE = YES_ERROR;
				GCC_WARN_UNDECLARED_SELECTOR = YES;
				GCC_WARN_UNINITIALIZED_AUTOS = YES_AGGRESSIVE;
				GCC_WARN_UNUSED_FUNCTION = YES;
				GCC_WARN_UNUSED_VARIABLE = YES;
				IPHONEOS_DEPLOYMENT_TARGET = 9.3;
				MTL_ENABLE_DEBUG_INFO = NO;
				SDKROOT = iphoneos;
				TARGETED_DEVICE_FAMILY = "1,2";
				VALIDATE_PRODUCT = YES;
			};
			name = Release;
		};
		68CB086B1D6B047600B6A3B2 /* Debug */ = {
			isa = XCBuildConfiguration;
			buildSettings = {
				ASSETCATALOG_COMPILER_APPICON_NAME = AppIcon;
				INFOPLIST_FILE = StandMap/Info.plist;
				LD_RUNPATH_SEARCH_PATHS = "$(inherited) @executable_path/Frameworks";
				PRODUCT_BUNDLE_IDENTIFIER = "Smile-Machine.StandMap";
				PRODUCT_NAME = "$(TARGET_NAME)";
			};
			name = Debug;
		};
		68CB086C1D6B047600B6A3B2 /* Release */ = {
			isa = XCBuildConfiguration;
			buildSettings = {
				ASSETCATALOG_COMPILER_APPICON_NAME = AppIcon;
				INFOPLIST_FILE = StandMap/Info.plist;
				LD_RUNPATH_SEARCH_PATHS = "$(inherited) @executable_path/Frameworks";
				PRODUCT_BUNDLE_IDENTIFIER = "Smile-Machine.StandMap";
				PRODUCT_NAME = "$(TARGET_NAME)";
			};
			name = Release;
		};
		68CB086E1D6B047600B6A3B2 /* Debug */ = {
			isa = XCBuildConfiguration;
			buildSettings = {
				BUNDLE_LOADER = "$(TEST_HOST)";
				INFOPLIST_FILE = StandMapTests/Info.plist;
				LD_RUNPATH_SEARCH_PATHS = "$(inherited) @executable_path/Frameworks @loader_path/Frameworks";
				PRODUCT_BUNDLE_IDENTIFIER = "Smile-Machine.StandMapTests";
				PRODUCT_NAME = "$(TARGET_NAME)";
				TEST_HOST = "$(BUILT_PRODUCTS_DIR)/StandMap.app/StandMap";
			};
			name = Debug;
		};
		68CB086F1D6B047600B6A3B2 /* Release */ = {
			isa = XCBuildConfiguration;
			buildSettings = {
				BUNDLE_LOADER = "$(TEST_HOST)";
				INFOPLIST_FILE = StandMapTests/Info.plist;
				LD_RUNPATH_SEARCH_PATHS = "$(inherited) @executable_path/Frameworks @loader_path/Frameworks";
				PRODUCT_BUNDLE_IDENTIFIER = "Smile-Machine.StandMapTests";
				PRODUCT_NAME = "$(TARGET_NAME)";
				TEST_HOST = "$(BUILT_PRODUCTS_DIR)/StandMap.app/StandMap";
			};
			name = Release;
		};
		68CB08711D6B047600B6A3B2 /* Debug */ = {
			isa = XCBuildConfiguration;
			buildSettings = {
				INFOPLIST_FILE = StandMapUITests/Info.plist;
				LD_RUNPATH_SEARCH_PATHS = "$(inherited) @executable_path/Frameworks @loader_path/Frameworks";
				PRODUCT_BUNDLE_IDENTIFIER = "Smile-Machine.StandMapUITests";
				PRODUCT_NAME = "$(TARGET_NAME)";
				TEST_TARGET_NAME = StandMap;
			};
			name = Debug;
		};
		68CB08721D6B047600B6A3B2 /* Release */ = {
			isa = XCBuildConfiguration;
			buildSettings = {
				INFOPLIST_FILE = StandMapUITests/Info.plist;
				LD_RUNPATH_SEARCH_PATHS = "$(inherited) @executable_path/Frameworks @loader_path/Frameworks";
				PRODUCT_BUNDLE_IDENTIFIER = "Smile-Machine.StandMapUITests";
				PRODUCT_NAME = "$(TARGET_NAME)";
				TEST_TARGET_NAME = StandMap;
			};
			name = Release;
		};
/* End XCBuildConfiguration section */

/* Begin XCConfigurationList section */
		68CB083D1D6B047600B6A3B2 /* Build configuration list for PBXProject "StandMap" */ = {
			isa = XCConfigurationList;
			buildConfigurations = (
				68CB08681D6B047600B6A3B2 /* Debug */,
				68CB08691D6B047600B6A3B2 /* Release */,
			);
			defaultConfigurationIsVisible = 0;
			defaultConfigurationName = Release;
		};
		68CB086A1D6B047600B6A3B2 /* Build configuration list for PBXNativeTarget "StandMap" */ = {
			isa = XCConfigurationList;
			buildConfigurations = (
				68CB086B1D6B047600B6A3B2 /* Debug */,
				68CB086C1D6B047600B6A3B2 /* Release */,
			);
			defaultConfigurationIsVisible = 0;
		};
		68CB086D1D6B047600B6A3B2 /* Build configuration list for PBXNativeTarget "StandMapTests" */ = {
			isa = XCConfigurationList;
			buildConfigurations = (
				68CB086E1D6B047600B6A3B2 /* Debug */,
				68CB086F1D6B047600B6A3B2 /* Release */,
			);
			defaultConfigurationIsVisible = 0;
		};
		68CB08701D6B047600B6A3B2 /* Build configuration list for PBXNativeTarget "StandMapUITests" */ = {
			isa = XCConfigurationList;
			buildConfigurations = (
				68CB08711D6B047600B6A3B2 /* Debug */,
				68CB08721D6B047600B6A3B2 /* Release */,
			);
			defaultConfigurationIsVisible = 0;
		};
/* End XCConfigurationList section */
	};
	rootObject = 68CB083A1D6B047600B6A3B2 /* Project object */;
}
